
Microsoft Visual Studio Solution File, Format Version 12.00
# RemObjects Fire
Project("{656346D9-4656-40DA-A068-22D5425D4639}") = "Moshine.UI.UIKit.Material", "Moshine.UI.UIKit.Material.elements", "{DC5CFE6F-5A10-4033-8FD3-428103321EEE}"
EndProject
Project("{656346D9-4656-40DA-A068-22D5425D4639}") = "libMoshine.UI.UIKit.Material", "libMoshine.UI.UIKit.Material.elements", "{2C871D43-B937-430B-8C76-494AC6C77016}"
EndProject
Global
	GlobalSection(SolutionConfigurationPlatforms) = preSolution
		Debug|AnyCPU = Debug|AnyCPU
		Release|AnyCPU = Release|AnyCPU
	EndGlobalSection
	GlobalSection(ProjectConfigurationPlatforms) = postSolution
		{2C871D43-B937-430B-8C76-494AC6C77016}.Debug|AnyCPU.ActiveCfg = Debug|AnyCPU
		{2C871D43-B937-430B-8C76-494AC6C77016}.Debug|AnyCPU.Build.0 = Debug|AnyCPU
		{2C871D43-B937-430B-8C76-494AC6C77016}.Release|AnyCPU.ActiveCfg = Release|AnyCPU
		{2C871D43-B937-430B-8C76-494AC6C77016}.Release|AnyCPU.Build.0 = Release|AnyCPU
	EndGlobalSection
	GlobalSection(SolutionProperties) = preSolution
		HideSolutionNode = FALSE
	EndGlobalSection
EndGlobal